
Microsoft Visual Studio Solution File, Format Version 12.00
# Visual Studio Version 17
VisualStudioVersion = 17.9.34622.214
MinimumVisualStudioVersion = 10.0.40219.1
Project("{9A19103F-16F7-4668-BE54-9A1E7A4F7556}") = "Dangnhapphanquyen", "Dangnhapphanquyen\Dangnhapphanquyen.csproj", "{3AF95FAC-6072-4D4C-ADE5-AD5ABEE0BE5D}"
EndProject
Project("{9A19103F-16F7-4668-BE54-9A1E7A4F7556}") = "Dangnhapphanquyen.Client", "Dangnhapphanquyen.Client\Dangnhapphanquyen.Client.csproj", "{A2272B2C-2FF5-4E71-9841-4F4BE7CB39A5}"
EndProject
Global
	GlobalSection(SolutionConfigurationPlatforms) = preSolution
		Debug|Any CPU = Debug|Any CPU
		Release|Any CPU = Release|Any CPU
	EndGlobalSection
	GlobalSection(ProjectConfigurationPlatforms) = postSolution
		{3AF95FAC-6072-4D4C-ADE5-AD5ABEE0BE5D}.Debug|Any CPU.ActiveCfg = Debug|Any CPU
		{3AF95FAC-6072-4D4C-ADE5-AD5ABEE0BE5D}.Debug|Any CPU.Build.0 = Debug|Any CPU
		{3AF95FAC-6072-4D4C-ADE5-AD5ABEE0BE5D}.Release|Any CPU.ActiveCfg = Release|Any CPU
		{3AF95FAC-6072-4D4C-ADE5-AD5ABEE0BE5D}.Release|Any CPU.Build.0 = Release|Any CPU
		{A2272B2C-2FF5-4E71-9841-4F4BE7CB39A5}.Debug|Any CPU.ActiveCfg = Debug|Any CPU
		{A2272B2C-2FF5-4E71-9841-4F4BE7CB39A5}.Debug|Any CPU.Build.0 = Debug|Any CPU
		{A2272B2C-2FF5-4E71-9841-4F4BE7CB39A5}.Release|Any CPU.ActiveCfg = Release|Any CPU
		{A2272B2C-2FF5-4E71-9841-4F4BE7CB39A5}.Release|Any CPU.Build.0 = Release|Any CPU
	EndGlobalSection
	GlobalSection(SolutionProperties) = preSolution
		HideSolutionNode = FALSE
	EndGlobalSection
	GlobalSection(ExtensibilityGlobals) = postSolution
		SolutionGuid = {6FAB313D-AA95-43A6-883D-32F6CE56CAC6}
	EndGlobalSection
EndGlobal
